
Microsoft Visual Studio Solution File, Format Version 12.00
# Visual Studio Version 16
VisualStudioVersion = 16.0.31702.278
MinimumVisualStudioVersion = 10.0.40219.1
Project("{FAE04EC0-301F-11D3-BF4B-00C04F79EFBC}") = "StudentForum.Api", "StudentForum.Api\StudentForum.Api.csproj", "{08DC3422-F2A4-4320-BF61-82F14D13B695}"
EndProject
Global
	GlobalSection(SolutionConfigurationPlatforms) = preSolution
		Debug|Any CPU = Debug|Any CPU
		Release|Any CPU = Release|Any CPU
	EndGlobalSection
	GlobalSection(ProjectConfigurationPlatforms) = postSolution
		{08DC3422-F2A4-4320-BF61-82F14D13B695}.Debug|Any CPU.ActiveCfg = Debug|Any CPU
		{08DC3422-F2A4-4320-BF61-82F14D13B695}.Debug|Any CPU.Build.0 = Debug|Any CPU
		{08DC3422-F2A4-4320-BF61-82F14D13B695}.Release|Any CPU.ActiveCfg = Release|Any CPU
		{08DC3422-F2A4-4320-BF61-82F14D13B695}.Release|Any CPU.Build.0 = Release|Any CPU
	EndGlobalSection
	GlobalSection(SolutionProperties) = preSolution
		HideSolutionNode = FALSE
	EndGlobalSection
	GlobalSection(ExtensibilityGlobals) = postSolution
		SolutionGuid = {DF591D12-45A9-479D-9EC5-CF0AA9AB7716}
	EndGlobalSection
EndGlobal
